{
  "version": 4,
  "terraform_version": "0.12.8",
  "serial": 41,
  "lineage": "8bdd8b87-441f-da2f-0abd-7406d5ffa246",
  "outputs": {
    "reddit-app": {
      "value": [
        "34.76.133.176",
        "35.241.203.149"
      ],
      "type": [
        "tuple",
        [
          "string",
          "string"
        ]
      ]
    }
  },
  "resources": [
    {
      "mode": "managed",
      "type": "google_compute_firewall",
      "name": "firewall_puma",
      "provider": "provider.google",
      "instances": [
        {
          "schema_version": 1,
          "attributes": {
            "allow": [
              {
                "ports": [
                  "9292"
                ],
                "protocol": "tcp"
              }
            ],
            "creation_timestamp": "2020-04-26T05:17:08.347-07:00",
            "deny": [],
            "description": "",
            "destination_ranges": [],
            "direction": "INGRESS",
            "disabled": false,
            "id": "allow-puma-default",
            "name": "allow-puma-default",
            "network": "https://www.googleapis.com/compute/v1/projects/docker-275315/global/networks/default",
            "priority": 1000,
            "project": "docker-275315",
            "self_link": "https://www.googleapis.com/compute/v1/projects/docker-275315/global/firewalls/allow-puma-default",
            "source_ranges": [
              "0.0.0.0/0"
            ],
            "source_service_accounts": null,
            "source_tags": null,
            "target_service_accounts": null,
            "target_tags": [
              "reddit-app-docker"
            ],
            "timeouts": null
          },
          "private": "eyJlMmJmYjczMC1lY2FhLTExZTYtOGY4OC0zNDM2M2JjN2M0YzAiOnsiY3JlYXRlIjoyNDAwMDAwMDAwMDAsImRlbGV0ZSI6MjQwMDAwMDAwMDAwLCJ1cGRhdGUiOjI0MDAwMDAwMDAwMH0sInNjaGVtYV92ZXJzaW9uIjoiMSJ9"
        }
      ]
    },
    {
      "mode": "managed",
      "type": "google_compute_instance",
      "name": "app",
      "each": "list",
      "provider": "provider.google",
      "instances": [
        {
          "index_key": 0,
          "schema_version": 6,
          "attributes": {
            "allow_stopping_for_update": null,
            "attached_disk": [],
            "boot_disk": [
              {
                "auto_delete": true,
                "device_name": "persistent-disk-0",
                "disk_encryption_key_raw": "",
                "disk_encryption_key_sha256": "",
                "initialize_params": [
                  {
                    "image": "https://www.googleapis.com/compute/v1/projects/docker-275315/global/images/reddit-app-docker",
                    "labels": {},
                    "size": 10,
                    "type": "pd-standard"
                  }
                ],
                "kms_key_self_link": "",
                "mode": "READ_WRITE",
                "source": "https://www.googleapis.com/compute/v1/projects/docker-275315/zones/europe-west1-b/disks/reddit-app-1"
              }
            ],
            "can_ip_forward": false,
            "cpu_platform": "Intel Haswell",
            "deletion_protection": false,
            "description": "",
            "disk": [],
            "enable_display": false,
            "guest_accelerator": [],
            "hostname": "",
            "id": "reddit-app-1",
            "instance_id": "1105366099845236010",
            "label_fingerprint": "42WmSpB8rSM=",
            "labels": null,
            "machine_type": "f1-micro",
            "metadata": {
              "ssh-keys": "mikh_androsov:ssh-rsa AAAAB3NzaC1yc2EAAAADAQABAAABAQC3ZGfEhcYLORqG4R8fYssFdXYmSOsw6HjM1rfqc9zS4golKhrCz+OXM0vQ3XCPraA+msD2N0MY88CI9m0LjkN1s+qY4AcEmcepeIg/IMqJXG/IdazVA7tDFD6/TMlgjXO9dDAkrDa/p/MuW113jHWkd89N+T5dGsirsRDnA7yDmJwJB+HFH//mY4ZUwNPqKJE0MilnSBLt+7rACe1jXFbNfrYMgXNoGWybUwnXDv8LusOHnO4+sDnVxy4NN6kKwHT6RDx4SYrGe0LsBwK5xY0ji5RM0jUq+NLTRcXeAOqP2zLfUM4wLn1+Js9vOYLjefQQdHqCPv8ygnyIWjAceLlX mikh_androsov\n"
            },
            "metadata_fingerprint": "qWYoMQN3dNE=",
            "metadata_startup_script": "",
            "min_cpu_platform": "",
            "name": "reddit-app-1",
            "network_interface": [
              {
                "access_config": [
                  {
                    "assigned_nat_ip": "",
                    "nat_ip": "34.76.133.176",
                    "network_tier": "PREMIUM",
                    "public_ptr_domain_name": ""
                  }
                ],
                "address": "",
                "alias_ip_range": [],
                "name": "nic0",
                "network": "https://www.googleapis.com/compute/v1/projects/docker-275315/global/networks/default",
                "network_ip": "10.132.0.23",
                "subnetwork": "https://www.googleapis.com/compute/v1/projects/docker-275315/regions/europe-west1/subnetworks/default",
                "subnetwork_project": "docker-275315"
              }
            ],
            "project": "docker-275315",
            "scheduling": [
              {
                "automatic_restart": true,
                "node_affinities": [],
                "on_host_maintenance": "MIGRATE",
                "preemptible": false
              }
            ],
            "scratch_disk": [],
            "self_link": "https://www.googleapis.com/compute/v1/projects/docker-275315/zones/europe-west1-b/instances/reddit-app-1",
            "service_account": [],
            "shielded_instance_config": [
              {
                "enable_integrity_monitoring": true,
                "enable_secure_boot": false,
                "enable_vtpm": true
              }
            ],
            "tags": [
              "reddit-app-docker"
            ],
            "tags_fingerprint": "TZnaIbBmUok=",
            "timeouts": null,
            "zone": "europe-west1-b"
          },
          "private": "eyJlMmJmYjczMC1lY2FhLTExZTYtOGY4OC0zNDM2M2JjN2M0YzAiOnsiY3JlYXRlIjoxMjAwMDAwMDAwMDAwLCJkZWxldGUiOjEyMDAwMDAwMDAwMDAsInVwZGF0ZSI6MTIwMDAwMDAwMDAwMH0sInNjaGVtYV92ZXJzaW9uIjoiNiJ9"
        },
        {
          "index_key": 1,
          "schema_version": 6,
          "attributes": {
            "allow_stopping_for_update": null,
            "attached_disk": [],
            "boot_disk": [
              {
                "auto_delete": true,
                "device_name": "persistent-disk-0",
                "disk_encryption_key_raw": "",
                "disk_encryption_key_sha256": "",
                "initialize_params": [
                  {
                    "image": "https://www.googleapis.com/compute/v1/projects/docker-275315/global/images/reddit-app-docker",
                    "labels": {},
                    "size": 10,
                    "type": "pd-standard"
                  }
                ],
                "kms_key_self_link": "",
                "mode": "READ_WRITE",
                "source": "https://www.googleapis.com/compute/v1/projects/docker-275315/zones/europe-west1-b/disks/reddit-app-2"
              }
            ],
            "can_ip_forward": false,
            "cpu_platform": "Intel Haswell",
            "deletion_protection": false,
            "description": "",
            "disk": [],
            "enable_display": false,
            "guest_accelerator": [],
            "hostname": "",
            "id": "reddit-app-2",
            "instance_id": "6695157819593245994",
            "label_fingerprint": "42WmSpB8rSM=",
            "labels": null,
            "machine_type": "f1-micro",
            "metadata": {
              "ssh-keys": "mikh_androsov:ssh-rsa AAAAB3NzaC1yc2EAAAADAQABAAABAQC3ZGfEhcYLORqG4R8fYssFdXYmSOsw6HjM1rfqc9zS4golKhrCz+OXM0vQ3XCPraA+msD2N0MY88CI9m0LjkN1s+qY4AcEmcepeIg/IMqJXG/IdazVA7tDFD6/TMlgjXO9dDAkrDa/p/MuW113jHWkd89N+T5dGsirsRDnA7yDmJwJB+HFH//mY4ZUwNPqKJE0MilnSBLt+7rACe1jXFbNfrYMgXNoGWybUwnXDv8LusOHnO4+sDnVxy4NN6kKwHT6RDx4SYrGe0LsBwK5xY0ji5RM0jUq+NLTRcXeAOqP2zLfUM4wLn1+Js9vOYLjefQQdHqCPv8ygnyIWjAceLlX mikh_androsov\n"
            },
            "metadata_fingerprint": "qWYoMQN3dNE=",
            "metadata_startup_script": "",
            "min_cpu_platform": "",
            "name": "reddit-app-2",
            "network_interface": [
              {
                "access_config": [
                  {
                    "assigned_nat_ip": "",
                    "nat_ip": "35.241.203.149",
                    "network_tier": "PREMIUM",
                    "public_ptr_domain_name": ""
                  }
                ],
                "address": "",
                "alias_ip_range": [],
                "name": "nic0",
                "network": "https://www.googleapis.com/compute/v1/projects/docker-275315/global/networks/default",
                "network_ip": "10.132.0.22",
                "subnetwork": "https://www.googleapis.com/compute/v1/projects/docker-275315/regions/europe-west1/subnetworks/default",
                "subnetwork_project": "docker-275315"
              }
            ],
            "project": "docker-275315",
            "scheduling": [
              {
                "automatic_restart": true,
                "node_affinities": [],
                "on_host_maintenance": "MIGRATE",
                "preemptible": false
              }
            ],
            "scratch_disk": [],
            "self_link": "https://www.googleapis.com/compute/v1/projects/docker-275315/zones/europe-west1-b/instances/reddit-app-2",
            "service_account": [],
            "shielded_instance_config": [
              {
                "enable_integrity_monitoring": true,
                "enable_secure_boot": false,
                "enable_vtpm": true
              }
            ],
            "tags": [
              "reddit-app-docker"
            ],
            "tags_fingerprint": "TZnaIbBmUok=",
            "timeouts": null,
            "zone": "europe-west1-b"
          },
          "private": "eyJlMmJmYjczMC1lY2FhLTExZTYtOGY4OC0zNDM2M2JjN2M0YzAiOnsiY3JlYXRlIjoxMjAwMDAwMDAwMDAwLCJkZWxldGUiOjEyMDAwMDAwMDAwMDAsInVwZGF0ZSI6MTIwMDAwMDAwMDAwMH0sInNjaGVtYV92ZXJzaW9uIjoiNiJ9"
        }
      ]
    },
    {
      "mode": "managed",
      "type": "google_compute_project_metadata_item",
      "name": "ssh-keys",
      "provider": "provider.google",
      "instances": [
        {
          "schema_version": 0,
          "attributes": {
            "id": "ssh-keys",
            "key": "ssh-keys",
            "project": null,
            "timeouts": null,
            "value": "mikh_androsov:ssh-rsa AAAAB3NzaC1yc2EAAAADAQABAAABAQC3ZGfEhcYLORqG4R8fYssFdXYmSOsw6HjM1rfqc9zS4golKhrCz+OXM0vQ3XCPraA+msD2N0MY88CI9m0LjkN1s+qY4AcEmcepeIg/IMqJXG/IdazVA7tDFD6/TMlgjXO9dDAkrDa/p/MuW113jHWkd89N+T5dGsirsRDnA7yDmJwJB+HFH//mY4ZUwNPqKJE0MilnSBLt+7rACe1jXFbNfrYMgXNoGWybUwnXDv8LusOHnO4+sDnVxy4NN6kKwHT6RDx4SYrGe0LsBwK5xY0ji5RM0jUq+NLTRcXeAOqP2zLfUM4wLn1+Js9vOYLjefQQdHqCPv8ygnyIWjAceLlX mikh_androsov"
          },
          "private": "eyJlMmJmYjczMC1lY2FhLTExZTYtOGY4OC0zNDM2M2JjN2M0YzAiOnsiY3JlYXRlIjozMDAwMDAwMDAwMDAsImRlbGV0ZSI6MzAwMDAwMDAwMDAwLCJ1cGRhdGUiOjMwMDAwMDAwMDAwMH19"
        }
      ]
    }
  ]
}
