{
  "version": 4,
  "terraform_version": "0.12.8",
  "serial": 104,
  "lineage": "f2c4ee14-2652-c588-4745-fdc895b96058",
  "outputs": {
    "kubernetes_cluster_name": {
      "value": "docker-275315-gke",
      "type": "string"
    },
    "region": {
      "value": "europe-west3",
      "type": "string"
    }
  },
  "resources": [
    {
      "mode": "managed",
      "type": "google_compute_network",
      "name": "vpc",
      "provider": "provider.google",
      "instances": [
        {
          "schema_version": 0,
          "attributes": {
            "auto_create_subnetworks": false,
            "delete_default_routes_on_create": false,
            "description": "",
            "gateway_ipv4": "",
            "id": "projects/docker-275315/global/networks/docker-275315-vpc",
            "ipv4_range": null,
            "name": "docker-275315-vpc",
            "project": "docker-275315",
            "routing_mode": "REGIONAL",
            "self_link": "https://www.googleapis.com/compute/v1/projects/docker-275315/global/networks/docker-275315-vpc",
            "timeouts": null
          },
          "private": "eyJlMmJmYjczMC1lY2FhLTExZTYtOGY4OC0zNDM2M2JjN2M0YzAiOnsiY3JlYXRlIjoyNDAwMDAwMDAwMDAsImRlbGV0ZSI6MjQwMDAwMDAwMDAwLCJ1cGRhdGUiOjI0MDAwMDAwMDAwMH19"
        }
      ]
    },
    {
      "mode": "managed",
      "type": "google_compute_subnetwork",
      "name": "subnet",
      "provider": "provider.google",
      "instances": [
        {
          "schema_version": 0,
          "attributes": {
            "creation_timestamp": "2020-06-28T00:38:08.433-07:00",
            "description": "",
            "enable_flow_logs": null,
            "fingerprint": null,
            "gateway_address": "10.10.0.1",
            "id": "projects/docker-275315/regions/europe-west3/subnetworks/docker-275315-subnet",
            "ip_cidr_range": "10.10.0.0/24",
            "log_config": [],
            "name": "docker-275315-subnet",
            "network": "https://www.googleapis.com/compute/v1/projects/docker-275315/global/networks/docker-275315-vpc",
            "private_ip_google_access": false,
            "project": "docker-275315",
            "region": "europe-west3",
            "secondary_ip_range": [],
            "self_link": "https://www.googleapis.com/compute/v1/projects/docker-275315/regions/europe-west3/subnetworks/docker-275315-subnet",
            "timeouts": null
          },
          "private": "eyJlMmJmYjczMC1lY2FhLTExZTYtOGY4OC0zNDM2M2JjN2M0YzAiOnsiY3JlYXRlIjozNjAwMDAwMDAwMDAsImRlbGV0ZSI6MzYwMDAwMDAwMDAwLCJ1cGRhdGUiOjM2MDAwMDAwMDAwMH19",
          "depends_on": [
            "google_compute_network.vpc"
          ]
        }
      ]
    },
    {
      "mode": "managed",
      "type": "google_container_cluster",
      "name": "primary",
      "provider": "provider.google",
      "instances": [
        {
          "schema_version": 1,
          "attributes": {
            "additional_zones": [],
            "addons_config": [
              {
                "cloudrun_config": [],
                "horizontal_pod_autoscaling": [],
                "http_load_balancing": [],
                "kubernetes_dashboard": [],
                "network_policy_config": [
                  {
                    "disabled": true
                  }
                ]
              }
            ],
            "authenticator_groups_config": [],
            "cluster_autoscaling": [
              {
                "auto_provisioning_defaults": [],
                "enabled": false,
                "resource_limits": []
              }
            ],
            "cluster_ipv4_cidr": "10.12.0.0/14",
            "default_max_pods_per_node": null,
            "description": "",
            "enable_binary_authorization": false,
            "enable_intranode_visibility": null,
            "enable_kubernetes_alpha": false,
            "enable_legacy_abac": false,
            "enable_shielded_nodes": false,
            "enable_tpu": null,
            "endpoint": "35.198.104.94",
            "id": "projects/docker-275315/locations/europe-west3/clusters/docker-275315-gke",
            "initial_node_count": 1,
            "instance_group_urls": [],
            "ip_allocation_policy": [],
            "label_fingerprint": "a9dc16a7",
            "location": "europe-west3",
            "logging_service": "logging.googleapis.com/kubernetes",
            "maintenance_policy": [],
            "master_auth": [
              {
                "client_certificate": "",
                "client_certificate_config": [
                  {
                    "issue_client_certificate": false
                  }
                ],
                "client_key": "",
                "cluster_ca_certificate": "LS0tLS1CRUdJTiBDRVJUSUZJQ0FURS0tLS0tCk1JSURDekNDQWZPZ0F3SUJBZ0lRYnJHcEl0RHB6ZW1ueEM5QWxRemhBVEFOQmdrcWhraUc5dzBCQVFzRkFEQXYKTVMwd0t3WURWUVFERXlRd04yVmxNRFE1TXkxa05UZzNMVFJtWkRrdE9EQmtNeTA1TjJSbFpXVTROVGt4WkdFdwpIaGNOTWpBd05qSTRNRFl6T0RNeFdoY05NalV3TmpJM01EY3pPRE14V2pBdk1TMHdLd1lEVlFRREV5UXdOMlZsCk1EUTVNeTFrTlRnM0xUUm1aRGt0T0RCa015MDVOMlJsWldVNE5Ua3haR0V3Z2dFaU1BMEdDU3FHU0liM0RRRUIKQVFVQUE0SUJEd0F3Z2dFS0FvSUJBUUNrS2t2aStuOGpyWGZ0RjlJRjBpZE9oOGpiZGVOZnh1Ri95TFM0a1BFQQo0MHZCZ1dBNkZETXRMcDFBaG8rOWF4aEtZak5jRldKNUI3d3dxS3dGZlhpenp5M3E4NjhtWkNncHpkbVFTSitTCno1M2F2Qm1uYlVIK1ZqaFBVZldGV2JYUTduRThZOU4vMFRmMVR2OFFKU1p6NnB1MEQ0ckQycHBJWmxnaEpVRTgKbmxPSVJIZWQ2YkEvbFNYUDlaRDJQdGZaa3A1VDVTOWR5RzFyUEdXZmZEY1drRHByVEYwWURxQ3lCWmI4V1lKegpJbU0zWUxKWFoxMFhucUNrcjI0UWEzYmxpTldQenRWMTl6MGVJQXU0RnB0LzJHbDFpVnFJZVpoNkw2NU5hWTJRClBHb0Uxb2F2VVRPZ3FXYityN3p3TDA0L0xES2NVS2dmSHZrbUZpSEZpUktsQWdNQkFBR2pJekFoTUE0R0ExVWQKRHdFQi93UUVBd0lDQkRBUEJnTlZIUk1CQWY4RUJUQURBUUgvTUEwR0NTcUdTSWIzRFFFQkN3VUFBNElCQVFDTgpvWmVSTXJoeVNjUlp0eE9Yc1JVYUNBMXluYUFOZ0JyZHpnMVBBQncyMDlOSDhMQk1JTTczMjFlQy83eGZQNHdXCld1dHp5OEZjUTNtclVjMnMvS2RUNy85cXFNU3NSVi9ISElFeUlXQ0xQcUduZjEyMVpuVGlsd0E0NzFRNjRVYS8KMzdjdXcrbkVzZnUyRFArV3g3YzFsZEgrOGNMWGIzNkpvOEpXYTM1UVdsR3FDWlZnVmExaXJBSWcyekhXamhtdApxMkNMekNHZHMreEZiMHJvdmd5ZzBCT1JDR0NibTY4ZVBQTWU5Y3g0am5nZ0E1WG04MXZ5cDRUaTk5NVk4YlNSCmY3bjFMWEpwaWJVdi9zZ2xnR1NhTEs4bEI2QWJUQ200RmtPTzB4VGdXU0t5anV6VkRkZ2d5clRxbVRBOHB6ZEQKK0pCSGhBVXdkbDczK1prMDl0eVcKLS0tLS1FTkQgQ0VSVElGSUNBVEUtLS0tLQo=",
                "password": "",
                "username": ""
              }
            ],
            "master_authorized_networks_config": [],
            "master_version": "1.14.10-gke.36",
            "min_master_version": null,
            "monitoring_service": "monitoring.googleapis.com/kubernetes",
            "name": "docker-275315-gke",
            "network": "projects/docker-275315/global/networks/docker-275315-vpc",
            "network_policy": [
              {
                "enabled": false,
                "provider": "PROVIDER_UNSPECIFIED"
              }
            ],
            "node_config": [],
            "node_locations": [
              "europe-west3-a",
              "europe-west3-b",
              "europe-west3-c"
            ],
            "node_pool": [],
            "node_version": "1.14.10-gke.36",
            "operation": null,
            "pod_security_policy_config": null,
            "private_cluster_config": [],
            "project": "docker-275315",
            "region": null,
            "remove_default_node_pool": true,
            "resource_labels": null,
            "resource_usage_export_config": [],
            "services_ipv4_cidr": "10.15.240.0/20",
            "subnetwork": "projects/docker-275315/regions/europe-west3/subnetworks/docker-275315-subnet",
            "timeouts": null,
            "vertical_pod_autoscaling": [],
            "workload_identity_config": [],
            "zone": null
          },
          "private": "eyJlMmJmYjczMC1lY2FhLTExZTYtOGY4OC0zNDM2M2JjN2M0YzAiOnsiY3JlYXRlIjoyNDAwMDAwMDAwMDAwLCJkZWxldGUiOjI0MDAwMDAwMDAwMDAsInJlYWQiOjI0MDAwMDAwMDAwMDAsInVwZGF0ZSI6MzYwMDAwMDAwMDAwMH0sInNjaGVtYV92ZXJzaW9uIjoiMSJ9",
          "depends_on": [
            "google_compute_network.vpc",
            "google_compute_subnetwork.subnet"
          ]
        }
      ]
    },
    {
      "mode": "managed",
      "type": "google_container_node_pool",
      "name": "primary_nodes",
      "provider": "provider.google",
      "instances": [
        {
          "schema_version": 1,
          "attributes": {
            "autoscaling": [],
            "cluster": "docker-275315-gke",
            "id": "projects/docker-275315/locations/europe-west3/clusters/docker-275315-gke/nodePools/docker-275315-gke-node-pool",
            "initial_node_count": 1,
            "instance_group_urls": [
              "https://www.googleapis.com/compute/v1/projects/docker-275315/zones/europe-west3-a/instanceGroupManagers/gke-docker-275315-gk-docker-275315-gk-9903be91-grp",
              "https://www.googleapis.com/compute/v1/projects/docker-275315/zones/europe-west3-c/instanceGroupManagers/gke-docker-275315-gk-docker-275315-gk-14f32ea2-grp",
              "https://www.googleapis.com/compute/v1/projects/docker-275315/zones/europe-west3-b/instanceGroupManagers/gke-docker-275315-gk-docker-275315-gk-a1ee192c-grp"
            ],
            "location": "europe-west3",
            "management": [
              {
                "auto_repair": true,
                "auto_upgrade": true
              }
            ],
            "max_pods_per_node": null,
            "name": "docker-275315-gke-node-pool",
            "name_prefix": "",
            "node_config": [
              {
                "disk_size_gb": 100,
                "disk_type": "pd-standard",
                "guest_accelerator": [],
                "image_type": "COS",
                "labels": {
                  "env": "docker-275315"
                },
                "local_ssd_count": 0,
                "machine_type": "n1-standard-2",
                "metadata": {
                  "disable-legacy-endpoints": "true"
                },
                "min_cpu_platform": "",
                "oauth_scopes": [
                  "https://www.googleapis.com/auth/logging.write",
                  "https://www.googleapis.com/auth/monitoring"
                ],
                "preemptible": false,
                "sandbox_config": [],
                "service_account": "default",
                "shielded_instance_config": [
                  {
                    "enable_integrity_monitoring": true,
                    "enable_secure_boot": false
                  }
                ],
                "tags": [
                  "gke-node",
                  "docker-275315-gke"
                ],
                "taint": [],
                "workload_metadata_config": []
              }
            ],
            "node_count": 1,
            "node_locations": [
              "europe-west3-a",
              "europe-west3-b",
              "europe-west3-c"
            ],
            "project": "docker-275315",
            "region": null,
            "timeouts": null,
            "upgrade_settings": [
              {
                "max_surge": 1,
                "max_unavailable": 0
              }
            ],
            "version": "1.14.10-gke.36",
            "zone": null
          },
          "private": "eyJlMmJmYjczMC1lY2FhLTExZTYtOGY4OC0zNDM2M2JjN2M0YzAiOnsiY3JlYXRlIjoxODAwMDAwMDAwMDAwLCJkZWxldGUiOjE4MDAwMDAwMDAwMDAsInVwZGF0ZSI6MTgwMDAwMDAwMDAwMH0sInNjaGVtYV92ZXJzaW9uIjoiMSJ9",
          "depends_on": [
            "google_container_cluster.primary"
          ]
        }
      ]
    }
  ]
}
